
Microsoft Visual Studio Solution File, Format Version 12.00
# Visual Studio Version 16
VisualStudioVersion = 16.0.31702.278
MinimumVisualStudioVersion = 10.0.40219.1
Project("{FAE04EC0-301F-11D3-BF4B-00C04F79EFBC}") = "BlazorWebAssembly", "BlazorWebAssembly\BlazorWebAssembly.csproj", "{6F3EB424-A69E-47FD-8466-2E37E25F1B17}"
EndProject
Global
	GlobalSection(SolutionConfigurationPlatforms) = preSolution
		Debug|Any CPU = Debug|Any CPU
		Release|Any CPU = Release|Any CPU
	EndGlobalSection
	GlobalSection(ProjectConfigurationPlatforms) = postSolution
		{6F3EB424-A69E-47FD-8466-2E37E25F1B17}.Debug|Any CPU.ActiveCfg = Debug|Any CPU
		{6F3EB424-A69E-47FD-8466-2E37E25F1B17}.Debug|Any CPU.Build.0 = Debug|Any CPU
		{6F3EB424-A69E-47FD-8466-2E37E25F1B17}.Release|Any CPU.ActiveCfg = Release|Any CPU
		{6F3EB424-A69E-47FD-8466-2E37E25F1B17}.Release|Any CPU.Build.0 = Release|Any CPU
	EndGlobalSection
	GlobalSection(SolutionProperties) = preSolution
		HideSolutionNode = FALSE
	EndGlobalSection
	GlobalSection(ExtensibilityGlobals) = postSolution
		SolutionGuid = {094727EA-7A10-4617-8C4E-9CAA77535413}
	EndGlobalSection
EndGlobal
